PODS:
  - FPImageVideoCell (0.2.0):
    - SDWebImage
  - FPPermission (0.1.7)
  - LCActionSheet (3.5.4):
    - Masonry (~> 1.1.0)
  - Masonry (1.1.0)
  - SDWebImage (5.4.1):
    - SDWebImage/Core (= 5.4.1)
  - SDWebImage/Core (5.4.1)
  - TZImagePickerController (3.2.9)

DEPENDENCIES:
  - FPImageVideoCell (from `../`)
  - FPPermission
  - LCActionSheet
  - TZImagePickerController

SPEC REPOS:
  trunk:
    - FPPermission
    - LCActionSheet
    - Masonry
    - SDWebImage
    - TZImagePickerController

EXTERNAL SOURCES:
  FPImageVideoCell:
    :path: "../"

SPEC CHECKSUMS:
  FPImageVideoCell: e2ec103953b1aba5bef22baf7683349cb174527f
  FPPermission: 64377a7dfa81ede38bb1bac8cf64e5989566e683
  LCActionSheet: a015dee43c54c8f6631e86facd9e2ad59dc1b5ab
  Masonry: 678fab65091a9290e40e2832a55e7ab731aad201
  SDWebImage: 29c340dbdcef342bb13125553f4e19ce056b07a7
  TZImagePickerController: 1f92968aa0e98a06b9e2eccca8560acc19254257

PODFILE CHECKSUM: ea76b3f5056f42614672fdd630b3359b198e3c92

COCOAPODS: 1.9.0.beta.2
